{
  "name": "llm-stream",
  "version": "1.0.0",
  "lockfileVersion": 3,
  "requires": true,
  "packages": {
    "": {
      "name": "llm-stream",
      "version": "1.0.0",
      "license": "ISC",
      "dependencies": {
        "speedybot": "^2.0.0-beta.72"
      }
    },
    "node_modules/speedybot": {
      "version": "2.0.0-beta.72",
      "resolved": "https://registry.npmjs.org/speedybot/-/speedybot-2.0.0-beta.72.tgz",
      "integrity": "sha512-7+AasY13X00mGtqOOjWOClAXGB8mUR2D601/zuYbuCke6Z8tRvfwKPBVSHkEdUSggRJ6DQcRsWG/LchXZEQUjA==",
      "bin": {
        "speedybot": "bin/cli.js"
      },
      "engines": {
        "node": ">=18.11.0"
      }
    }
  }
}
